
Microsoft Visual Studio Solution File, Format Version 12.00
# Visual Studio Version 16
VisualStudioVersion = 16.0.31424.327
MinimumVisualStudioVersion = 10.0.40219.1
Project("{9A19103F-16F7-4668-BE54-9A1E7A4F7556}") = "Libwebp.Net", "Libwebp.Net.csproj", "{8D55798F-F3F7-439D-8882-F53B5E577FF9}"
EndProject
Project("{9A19103F-16F7-4668-BE54-9A1E7A4F7556}") = "Client", "..\Client\Client.csproj", "{5841D96F-B506-423A-9D9A-910D75171F48}"
EndProject
Project("{FAE04EC0-301F-11D3-BF4B-00C04F79EFBC}") = "WebClent", "..\WebClient\WebClent.csproj", "{92ACD4EB-E5EC-4B85-A16D-3708E4A1F84E}"
EndProject
Global
	GlobalSection(SolutionConfigurationPlatforms) = preSolution
		Debug|Any CPU = Debug|Any CPU
		Release|Any CPU = Release|Any CPU
	EndGlobalSection
	GlobalSection(ProjectConfigurationPlatforms) = postSolution
		{8D55798F-F3F7-439D-8882-F53B5E577FF9}.Debug|Any CPU.ActiveCfg = Debug|Any CPU
		{8D55798F-F3F7-439D-8882-F53B5E577FF9}.Debug|Any CPU.Build.0 = Debug|Any CPU
		{8D55798F-F3F7-439D-8882-F53B5E577FF9}.Release|Any CPU.ActiveCfg = Release|Any CPU
		{8D55798F-F3F7-439D-8882-F53B5E577FF9}.Release|Any CPU.Build.0 = Release|Any CPU
		{5841D96F-B506-423A-9D9A-910D75171F48}.Debug|Any CPU.ActiveCfg = Debug|Any CPU
		{5841D96F-B506-423A-9D9A-910D75171F48}.Debug|Any CPU.Build.0 = Debug|Any CPU
		{5841D96F-B506-423A-9D9A-910D75171F48}.Release|Any CPU.ActiveCfg = Release|Any CPU
		{5841D96F-B506-423A-9D9A-910D75171F48}.Release|Any CPU.Build.0 = Release|Any CPU
		{92ACD4EB-E5EC-4B85-A16D-3708E4A1F84E}.Debug|Any CPU.ActiveCfg = Debug|Any CPU
		{92ACD4EB-E5EC-4B85-A16D-3708E4A1F84E}.Debug|Any CPU.Build.0 = Debug|Any CPU
		{92ACD4EB-E5EC-4B85-A16D-3708E4A1F84E}.Release|Any CPU.ActiveCfg = Release|Any CPU
		{92ACD4EB-E5EC-4B85-A16D-3708E4A1F84E}.Release|Any CPU.Build.0 = Release|Any CPU
	EndGlobalSection
	GlobalSection(SolutionProperties) = preSolution
		HideSolutionNode = FALSE
	EndGlobalSection
	GlobalSection(ExtensibilityGlobals) = postSolution
		SolutionGuid = {18555927-C736-4FF7-AF71-632FC645B363}
	EndGlobalSection
EndGlobal
